// !$*UTF8*$!
{
	archiveVersion = 1;
	classes = {
	};
	objectVersion = 44;
	objects = {

/* Begin PBXBuildFile section */
		7F35FF4007F9ACD90056051D /* QSCore.framework in Frameworks */ = {isa = PBXBuildFile; fileRef = 7F35FF3C07F9ACD90056051D /* QSCore.framework */; };
		7F35FF4207F9ACD90056051D /* QSFoundation.framework in Frameworks */ = {isa = PBXBuildFile; fileRef = 7F35FF3E07F9ACD90056051D /* QSFoundation.framework */; };
		86D281F50D58A6E2003E6DC6 /* RCLoader.m in Sources */ = {isa = PBXBuildFile; fileRef = 86D281F40D58A6E2003E6DC6 /* RCLoader.m */; };
		86D282000D58AC9A003E6DC6 /* load_ruby.rb in Resources */ = {isa = PBXBuildFile; fileRef = 86D281FF0D58AC9A003E6DC6 /* load_ruby.rb */; };
		86D282030D58ADDE003E6DC6 /* qs_action.rb in Resources */ = {isa = PBXBuildFile; fileRef = 86D2D12B0D544E9F00B4CFF4 /* qs_action.rb */; };
		86D282090D58AF39003E6DC6 /* shared.rb in Resources */ = {isa = PBXBuildFile; fileRef = 86D282080D58AF39003E6DC6 /* shared.rb */; };
		86D2D1130D544DE200B4CFF4 /* RubyCocoa.framework in Frameworks */ = {isa = PBXBuildFile; fileRef = 86D2D1120D544DE200B4CFF4 /* RubyCocoa.framework */; };
		8D1AC9700486D14A00FE50C9 /* Cocoa.framework in Frameworks */ = {isa = PBXBuildFile; fileRef = DD92D38A0106425D02CA0E72 /* Cocoa.framework */; };
		BBF5817C0B1D9D84003CFF55 /* RubyCocoaPluginAction.m in Sources */ = {isa = PBXBuildFile; fileRef = BBF5817B0B1D9D84003CFF55 /* RubyCocoaPluginAction.m */; };
/* End PBXBuildFile section */

/* Begin PBXFileReference section */
		32DBCF980370C29C00C91783 /* RubyCocoaPlugin_Prefix.pch */ = {isa = PBXFileReference; fileEncoding = 4; lastKnownFileType = sourcecode.c.h; path = RubyCocoaPlugin_Prefix.pch; sourceTree = "<group>"; };
		7F35FF3C07F9ACD90056051D /* QSCore.framework */ = {isa = PBXFileReference; lastKnownFileType = wrapper.framework; path = QSCore.framework; sourceTree = QSFrameworks; };
		7F35FF3D07F9ACD90056051D /* QSEffects.framework */ = {isa = PBXFileReference; lastKnownFileType = wrapper.framework; path = QSEffects.framework; sourceTree = QSFrameworks; };
		7F35FF3E07F9ACD90056051D /* QSFoundation.framework */ = {isa = PBXFileReference; lastKnownFileType = wrapper.framework; path = QSFoundation.framework; sourceTree = QSFrameworks; };
		7F35FF3F07F9ACD90056051D /* QSInterface.framework */ = {isa = PBXFileReference; lastKnownFileType = wrapper.framework; path = QSInterface.framework; sourceTree = QSFrameworks; };
		7FFA8E9C0816CCCA00A858CD /* QSEffects.framework */ = {isa = PBXFileReference; lastKnownFileType = wrapper.framework; path = QSEffects.framework; sourceTree = QSFrameworks; };
		7FFA8E9D0816CCCA00A858CD /* QSInterface.framework */ = {isa = PBXFileReference; lastKnownFileType = wrapper.framework; path = QSInterface.framework; sourceTree = QSFrameworks; };
		86D281F30D58A6E2003E6DC6 /* RCLoader.h */ = {isa = PBXFileReference; fileEncoding = 4; lastKnownFileType = sourcecode.c.h; path = RCLoader.h; sourceTree = "<group>"; };
		86D281F40D58A6E2003E6DC6 /* RCLoader.m */ = {isa = PBXFileReference; fileEncoding = 4; lastKnownFileType = sourcecode.c.objc; path = RCLoader.m; sourceTree = "<group>"; };
		86D281FF0D58AC9A003E6DC6 /* load_ruby.rb */ = {isa = PBXFileReference; fileEncoding = 4; lastKnownFileType = text.script.ruby; path = load_ruby.rb; sourceTree = "<group>"; };
		86D282080D58AF39003E6DC6 /* shared.rb */ = {isa = PBXFileReference; fileEncoding = 4; lastKnownFileType = text.script.ruby; path = shared.rb; sourceTree = "<group>"; };
		86D2D1120D544DE200B4CFF4 /* RubyCocoa.framework */ = {isa = PBXFileReference; lastKnownFileType = wrapper.framework; name = RubyCocoa.framework; path = /System/Library/Frameworks/RubyCocoa.framework; sourceTree = "<absolute>"; };
		86D2D12B0D544E9F00B4CFF4 /* qs_action.rb */ = {isa = PBXFileReference; fileEncoding = 4; lastKnownFileType = text.script.ruby; path = qs_action.rb; sourceTree = "<group>"; };
		8D1AC9730486D14A00FE50C9 /* Info.plist */ = {isa = PBXFileReference; fileEncoding = 4; lastKnownFileType = text.plist; path = Info.plist; sourceTree = "<group>"; };
		8D1AC9740486D14A00FE50C9 /* RubyCocoaPlugin.qsplugin */ = {isa = PBXFileReference; explicitFileType = wrapper.cfbundle; includeInIndex = 0; path = RubyCocoaPlugin.qsplugin; sourceTree = BUILT_PRODUCTS_DIR; };
		BBF5817A0B1D9D84003CFF55 /* RubyCocoaPluginAction.h */ = {isa = PBXFileReference; fileEncoding = 4; lastKnownFileType = sourcecode.c.h; path = RubyCocoaPluginAction.h; sourceTree = "<group>"; };
		BBF5817B0B1D9D84003CFF55 /* RubyCocoaPluginAction.m */ = {isa = PBXFileReference; fileEncoding = 4; lastKnownFileType = sourcecode.c.objc; path = RubyCocoaPluginAction.m; sourceTree = "<group>"; };
		DD92D38A0106425D02CA0E72 /* Cocoa.framework */ = {isa = PBXFileReference; lastKnownFileType = wrapper.framework; name = Cocoa.framework; path = /System/Library/Frameworks/Cocoa.framework; sourceTree = "<absolute>"; };
/* End PBXFileReference section */

/* Begin PBXFrameworksBuildPhase section */
		8D1AC96E0486D14A00FE50C9 /* Frameworks */ = {
			isa = PBXFrameworksBuildPhase;
			buildActionMask = 2147483647;
			files = (
				8D1AC9700486D14A00FE50C9 /* Cocoa.framework in Frameworks */,
				7F35FF4007F9ACD90056051D /* QSCore.framework in Frameworks */,
				7F35FF4207F9ACD90056051D /* QSFoundation.framework in Frameworks */,
				86D2D1130D544DE200B4CFF4 /* RubyCocoa.framework in Frameworks */,
			);
			runOnlyForDeploymentPostprocessing = 0;
		};
/* End PBXFrameworksBuildPhase section */

/* Begin PBXGroup section */
		0259C574FE90428111CA0C5A /* RubyCocoaPlugin */ = {
			isa = PBXGroup;
			children = (
				32DBCF9E0370C38000C91783 /* Classes */,
				32DBCF9F0370C38200C91783 /* Other Sources */,
				0259C582FE90428111CA0C5A /* Resources */,
				1ED78706FE9D4A0611CA0C5A /* Products */,
				2E58F364FFB232C311CA0CBA /* Frameworks */,
			);
			name = RubyCocoaPlugin;
			sourceTree = "<group>";
		};
		0259C582FE90428111CA0C5A /* Resources */ = {
			isa = PBXGroup;
			children = (
				8D1AC9730486D14A00FE50C9 /* Info.plist */,
			);
			name = Resources;
			sourceTree = "<group>";
		};
		1ED78706FE9D4A0611CA0C5A /* Products */ = {
			isa = PBXGroup;
			children = (
				8D1AC9740486D14A00FE50C9 /* RubyCocoaPlugin.qsplugin */,
			);
			name = Products;
			sourceTree = "<group>";
		};
		2E58F364FFB232C311CA0CBA /* Frameworks */ = {
			isa = PBXGroup;
			children = (
				86D2D1120D544DE200B4CFF4 /* RubyCocoa.framework */,
				DD92D38A0106425D02CA0E72 /* Cocoa.framework */,
				7F35FF3C07F9ACD90056051D /* QSCore.framework */,
				7F35FF3E07F9ACD90056051D /* QSFoundation.framework */,
				7FFA8E9C0816CCCA00A858CD /* QSEffects.framework */,
				7FFA8E9D0816CCCA00A858CD /* QSInterface.framework */,
				7FC20C8107FB741700FDD3CA /* Other Frameworks */,
			);
			name = Frameworks;
			sourceTree = "<group>";
		};
		32DBCF9E0370C38000C91783 /* Classes */ = {
			isa = PBXGroup;
			children = (
				86D281F30D58A6E2003E6DC6 /* RCLoader.h */,
				86D281F40D58A6E2003E6DC6 /* RCLoader.m */,
				BBF5817A0B1D9D84003CFF55 /* RubyCocoaPluginAction.h */,
				BBF5817B0B1D9D84003CFF55 /* RubyCocoaPluginAction.m */,
			);
			name = Classes;
			sourceTree = "<group>";
		};
		32DBCF9F0370C38200C91783 /* Other Sources */ = {
			isa = PBXGroup;
			children = (
				86D282080D58AF39003E6DC6 /* shared.rb */,
				86D281FF0D58AC9A003E6DC6 /* load_ruby.rb */,
				86D2D12B0D544E9F00B4CFF4 /* qs_action.rb */,
				32DBCF980370C29C00C91783 /* RubyCocoaPlugin_Prefix.pch */,
			);
			name = "Other Sources";
			sourceTree = "<group>";
		};
		7FC20C8107FB741700FDD3CA /* Other Frameworks */ = {
			isa = PBXGroup;
			children = (
				7F35FF3D07F9ACD90056051D /* QSEffects.framework */,
				7F35FF3F07F9ACD90056051D /* QSInterface.framework */,
			);
			name = "Other Frameworks";
			sourceTree = "<group>";
		};
/* End PBXGroup section */

/* Begin PBXNativeTarget section */
		8D1AC9600486D14A00FE50C9 /* RubyCocoaPlugin */ = {
			isa = PBXNativeTarget;
			buildConfigurationList = 7F6B3EEB085CE8DF000735A8 /* Build configuration list for PBXNativeTarget "RubyCocoaPlugin" */;
			buildPhases = (
				8D1AC9660486D14A00FE50C9 /* Resources */,
				8D1AC96A0486D14A00FE50C9 /* Sources */,
				8D1AC96E0486D14A00FE50C9 /* Frameworks */,
				E1022B2806B3475D00299BEC /* ShellScript */,
			);
			buildRules = (
			);
			dependencies = (
			);
			name = RubyCocoaPlugin;
			productInstallPath = "$(HOME)/Developer/Palettes";
			productName = RubyCocoaPlugin;
			productReference = 8D1AC9740486D14A00FE50C9 /* RubyCocoaPlugin.qsplugin */;
			productType = "com.apple.product-type.bundle";
		};
/* End PBXNativeTarget section */

/* Begin PBXProject section */
		0259C573FE90428111CA0C5A /* Project object */ = {
			isa = PBXProject;
			buildConfigurationList = 7F6B3EEF085CE8DF000735A8 /* Build configuration list for PBXProject "RubyCocoaPlugin" */;
			compatibilityVersion = "Xcode 3.0";
			hasScannedForEncodings = 1;
			mainGroup = 0259C574FE90428111CA0C5A /* RubyCocoaPlugin */;
			projectDirPath = "";
			projectRoot = "";
			targets = (
				8D1AC9600486D14A00FE50C9 /* RubyCocoaPlugin */,
			);
		};
/* End PBXProject section */

/* Begin PBXResourcesBuildPhase section */
		8D1AC9660486D14A00FE50C9 /* Resources */ = {
			isa = PBXResourcesBuildPhase;
			buildActionMask = 2147483647;
			files = (
				86D282000D58AC9A003E6DC6 /* load_ruby.rb in Resources */,
				86D282030D58ADDE003E6DC6 /* qs_action.rb in Resources */,
				86D282090D58AF39003E6DC6 /* shared.rb in Resources */,
			);
			runOnlyForDeploymentPostprocessing = 0;
		};
/* End PBXResourcesBuildPhase section */

/* Begin PBXShellScriptBuildPhase section */
		E1022B2806B3475D00299BEC /* ShellScript */ = {
			isa = PBXShellScriptBuildPhase;
			buildActionMask = 2147483647;
			files = (
			);
			inputPaths = (
			);
			outputPaths = (
			);
			runOnlyForDeploymentPostprocessing = 0;
			shellPath = /bin/sh;
			shellScript = "$SRCROOT/bltrversion $INFOPLIST_FILE";
		};
/* End PBXShellScriptBuildPhase section */

/* Begin PBXSourcesBuildPhase section */
		8D1AC96A0486D14A00FE50C9 /* Sources */ = {
			isa = PBXSourcesBuildPhase;
			buildActionMask = 2147483647;
			files = (
				BBF5817C0B1D9D84003CFF55 /* RubyCocoaPluginAction.m in Sources */,
				86D281F50D58A6E2003E6DC6 /* RCLoader.m in Sources */,
			);
			runOnlyForDeploymentPostprocessing = 0;
		};
/* End PBXSourcesBuildPhase section */

/* Begin XCBuildConfiguration section */
		7F6B3EEC085CE8DF000735A8 /* Development */ = {
			isa = XCBuildConfiguration;
			buildSettings = {
				COPY_PHASE_STRIP = NO;
				FRAMEWORK_SEARCH_PATHS = "$(QSFrameworks)";
				GCC_DYNAMIC_NO_PIC = NO;
				GCC_ENABLE_FIX_AND_CONTINUE = YES;
				GCC_GENERATE_DEBUGGING_SYMBOLS = YES;
				GCC_OPTIMIZATION_LEVEL = 0;
				GCC_PRECOMPILE_PREFIX_HEADER = YES;
				GCC_PREFIX_HEADER = RubyCocoaPlugin_Prefix.pch;
				INFOPLIST_FILE = Info.plist;
				OTHER_LDFLAGS = "-bundle";
				PRODUCT_NAME = RubyCocoaPlugin;
				WRAPPER_EXTENSION = qsplugin;
				ZERO_LINK = YES;
			};
			name = Development;
		};
		7F6B3EED085CE8DF000735A8 /* Release */ = {
			isa = XCBuildConfiguration;
			buildSettings = {
				COPY_PHASE_STRIP = YES;
				FRAMEWORK_SEARCH_PATHS = "$(QSFrameworks)";
				GCC_ENABLE_FIX_AND_CONTINUE = NO;
				GCC_GENERATE_DEBUGGING_SYMBOLS = NO;
				GCC_PRECOMPILE_PREFIX_HEADER = YES;
				GCC_PREFIX_HEADER = RubyCocoaPlugin_Prefix.pch;
				INFOPLIST_FILE = Info.plist;
				OTHER_LDFLAGS = "-bundle";
				PRODUCT_NAME = RubyCocoaPlugin;
				WRAPPER_EXTENSION = qsplugin;
				ZERO_LINK = NO;
			};
			name = Release;
		};
		7F6B3EF0085CE8DF000735A8 /* Development */ = {
			isa = XCBuildConfiguration;
			buildSettings = {
				MACOSX_DEPLOYMENT_TARGET = 10.4;
				SDKROOT = "$(DEVELOPER_SDK_DIR)/MacOSX10.5.sdk";
			};
			name = Development;
		};
		7F6B3EF1085CE8DF000735A8 /* Release */ = {
			isa = XCBuildConfiguration;
			buildSettings = {
				ARCHS = (
					ppc,
					i386,
				);
				GCC_MODEL_TUNING = G5;
				MACOSX_DEPLOYMENT_TARGET = 10.4;
				SDKROOT = "$(DEVELOPER_SDK_DIR)/MacOSX10.5.sdk";
			};
			name = Release;
		};
/* End XCBuildConfiguration section */

/* Begin XCConfigurationList section */
		7F6B3EEB085CE8DF000735A8 /* Build configuration list for PBXNativeTarget "RubyCocoaPlugin" */ = {
			isa = XCConfigurationList;
			buildConfigurations = (
				7F6B3EEC085CE8DF000735A8 /* Development */,
				7F6B3EED085CE8DF000735A8 /* Release */,
			);
			defaultConfigurationIsVisible = 0;
			defaultConfigurationName = Release;
		};
		7F6B3EEF085CE8DF000735A8 /* Build configuration list for PBXProject "RubyCocoaPlugin" */ = {
			isa = XCConfigurationList;
			buildConfigurations = (
				7F6B3EF0085CE8DF000735A8 /* Development */,
				7F6B3EF1085CE8DF000735A8 /* Release */,
			);
			defaultConfigurationIsVisible = 0;
			defaultConfigurationName = Release;
		};
/* End XCConfigurationList section */
	};
	rootObject = 0259C573FE90428111CA0C5A /* Project object */;
}
